// !$*UTF8*$!
{
	archiveVersion = 1;
	classes = {
	};
	objectVersion = 46;
	objects = {

/* Begin PBXBuildFile section */
		D4BAA5BE1CB7519600761836 /* ArrayDataSource.m in Sources */ = {isa = PBXBuildFile; fileRef = D4BAA5BD1CB7519600761836 /* ArrayDataSource.m */; };
		D4BAA5C11CB7562300761836 /* LGJTableViewCell.m in Sources */ = {isa = PBXBuildFile; fileRef = D4BAA5C01CB7562300761836 /* LGJTableViewCell.m */; };
		D4E472F81CB7483200B55FAC /* main.m in Sources */ = {isa = PBXBuildFile; fileRef = D4E472F71CB7483200B55FAC /* main.m */; };
		D4E472FB1CB7483200B55FAC /* AppDelegate.m in Sources */ = {isa = PBXBuildFile; fileRef = D4E472FA1CB7483200B55FAC /* AppDelegate.m */; };
		D4E472FE1CB7483200B55FAC /* ViewController.m in Sources */ = {isa = PBXBuildFile; fileRef = D4E472FD1CB7483200B55FAC /* ViewController.m */; };
		D4E473011CB7483200B55FAC /* Main.storyboard in Resources */ = {isa = PBXBuildFile; fileRef = D4E472FF1CB7483200B55FAC /* Main.storyboard */; };
		D4E473031CB7483200B55FAC /* Assets.xcassets in Resources */ = {isa = PBXBuildFile; fileRef = D4E473021CB7483200B55FAC /* Assets.xcassets */; };
		D4E473061CB7483200B55FAC /* LaunchScreen.storyboard in Resources */ = {isa = PBXBuildFile; fileRef = D4E473041CB7483200B55FAC /* LaunchScreen.storyboard */; };
/* End PBXBuildFile section */

/* Begin PBXFileReference section */
		D4BAA5BC1CB7519600761836 /* ArrayDataSource.h */ = {isa = PBXFileReference; fileEncoding = 4; lastKnownFileType = sourcecode.c.h; path = ArrayDataSource.h; sourceTree = "<group>"; };
		D4BAA5BD1CB7519600761836 /* ArrayDataSource.m */ = {isa = PBXFileReference; fileEncoding = 4; lastKnownFileType = sourcecode.c.objc; path = ArrayDataSource.m; sourceTree = "<group>"; };
		D4BAA5BF1CB7562300761836 /* LGJTableViewCell.h */ = {isa = PBXFileReference; fileEncoding = 4; lastKnownFileType = sourcecode.c.h; path = LGJTableViewCell.h; sourceTree = "<group>"; };
		D4BAA5C01CB7562300761836 /* LGJTableViewCell.m */ = {isa = PBXFileReference; fileEncoding = 4; lastKnownFileType = sourcecode.c.objc; path = LGJTableViewCell.m; sourceTree = "<group>"; };
		D4E472F31CB7483200B55FAC /* DataSourceTableViewTest.app */ = {isa = PBXFileReference; explicitFileType = wrapper.application; includeInIndex = 0; path = DataSourceTableViewTest.app; sourceTree = BUILT_PRODUCTS_DIR; };
		D4E472F71CB7483200B55FAC /* main.m */ = {isa = PBXFileReference; lastKnownFileType = sourcecode.c.objc; path = main.m; sourceTree = "<group>"; };
		D4E472F91CB7483200B55FAC /* AppDelegate.h */ = {isa = PBXFileReference; lastKnownFileType = sourcecode.c.h; path = AppDelegate.h; sourceTree = "<group>"; };
		D4E472FA1CB7483200B55FAC /* AppDelegate.m */ = {isa = PBXFileReference; lastKnownFileType = sourcecode.c.objc; path = AppDelegate.m; sourceTree = "<group>"; };
		D4E472FC1CB7483200B55FAC /* ViewController.h */ = {isa = PBXFileReference; lastKnownFileType = sourcecode.c.h; path = ViewController.h; sourceTree = "<group>"; };
		D4E472FD1CB7483200B55FAC /* ViewController.m */ = {isa = PBXFileReference; lastKnownFileType = sourcecode.c.objc; path = ViewController.m; sourceTree = "<group>"; };
		D4E473001CB7483200B55FAC /* Base */ = {isa = PBXFileReference; lastKnownFileType = file.storyboard; name = Base; path = Base.lproj/Main.storyboard; sourceTree = "<group>"; };
		D4E473021CB7483200B55FAC /* Assets.xcassets */ = {isa = PBXFileReference; lastKnownFileType = folder.assetcatalog; path = Assets.xcassets; sourceTree = "<group>"; };
		D4E473051CB7483200B55FAC /* Base */ = {isa = PBXFileReference; lastKnownFileType = file.storyboard; name = Base; path = Base.lproj/LaunchScreen.storyboard; sourceTree = "<group>"; };
		D4E473071CB7483200B55FAC /* Info.plist */ = {isa = PBXFileReference; lastKnownFileType = text.plist.xml; path = Info.plist; sourceTree = "<group>"; };
/* End PBXFileReference section */

/* Begin PBXFrameworksBuildPhase section */
		D4E472F01CB7483200B55FAC /* Frameworks */ = {
			isa = PBXFrameworksBuildPhase;
			buildActionMask = 2147483647;
			files = (
			);
			runOnlyForDeploymentPostprocessing = 0;
		};
/* End PBXFrameworksBuildPhase section */

/* Begin PBXGroup section */
		D4E472EA1CB7483200B55FAC = {
			isa = PBXGroup;
			children = (
				D4E472F51CB7483200B55FAC /* DataSourceTableViewTest */,
				D4E472F41CB7483200B55FAC /* Products */,
			);
			sourceTree = "<group>";
		};
		D4E472F41CB7483200B55FAC /* Products */ = {
			isa = PBXGroup;
			children = (
				D4E472F31CB7483200B55FAC /* DataSourceTableViewTest.app */,
			);
			name = Products;
			sourceTree = "<group>";
		};
		D4E472F51CB7483200B55FAC /* DataSourceTableViewTest */ = {
			isa = PBXGroup;
			children = (
				D4E472F91CB7483200B55FAC /* AppDelegate.h */,
				D4E472FA1CB7483200B55FAC /* AppDelegate.m */,
				D4E472FC1CB7483200B55FAC /* ViewController.h */,
				D4E472FD1CB7483200B55FAC /* ViewController.m */,
				D4BAA5BC1CB7519600761836 /* ArrayDataSource.h */,
				D4BAA5BD1CB7519600761836 /* ArrayDataSource.m */,
				D4BAA5BF1CB7562300761836 /* LGJTableViewCell.h */,
				D4BAA5C01CB7562300761836 /* LGJTableViewCell.m */,
				D4E472FF1CB7483200B55FAC /* Main.storyboard */,
				D4E473021CB7483200B55FAC /* Assets.xcassets */,
				D4E473041CB7483200B55FAC /* LaunchScreen.storyboard */,
				D4E473071CB7483200B55FAC /* Info.plist */,
				D4E472F61CB7483200B55FAC /* Supporting Files */,
			);
			path = DataSourceTableViewTest;
			sourceTree = "<group>";
		};
		D4E472F61CB7483200B55FAC /* Supporting Files */ = {
			isa = PBXGroup;
			children = (
				D4E472F71CB7483200B55FAC /* main.m */,
			);
			name = "Supporting Files";
			sourceTree = "<group>";
		};
/* End PBXGroup section */

/* Begin PBXNativeTarget section */
		D4E472F21CB7483200B55FAC /* DataSourceTableViewTest */ = {
			isa = PBXNativeTarget;
			buildConfigurationList = D4E4730A1CB7483200B55FAC /* Build configuration list for PBXNativeTarget "DataSourceTableViewTest" */;
			buildPhases = (
				D4E472EF1CB7483200B55FAC /* Sources */,
				D4E472F01CB7483200B55FAC /* Frameworks */,
				D4E472F11CB7483200B55FAC /* Resources */,
			);
			buildRules = (
			);
			dependencies = (
			);
			name = DataSourceTableViewTest;
			productName = DataSourceTableViewTest;
			productReference = D4E472F31CB7483200B55FAC /* DataSourceTableViewTest.app */;
			productType = "com.apple.product-type.application";
		};
/* End PBXNativeTarget section */

/* Begin PBXProject section */
		D4E472EB1CB7483200B55FAC /* Project object */ = {
			isa = PBXProject;
			attributes = {
				LastUpgradeCheck = 0730;
				ORGANIZATIONNAME = "劉光軍";
				TargetAttributes = {
					D4E472F21CB7483200B55FAC = {
						CreatedOnToolsVersion = 7.3;
						DevelopmentTeam = 4AJ7PG293L;
					};
				};
			};
			buildConfigurationList = D4E472EE1CB7483200B55FAC /* Build configuration list for PBXProject "DataSourceTableViewTest" */;
			compatibilityVersion = "Xcode 3.2";
			developmentRegion = English;
			hasScannedForEncodings = 0;
			knownRegions = (
				en,
				Base,
			);
			mainGroup = D4E472EA1CB7483200B55FAC;
			productRefGroup = D4E472F41CB7483200B55FAC /* Products */;
			projectDirPath = "";
			projectRoot = "";
			targets = (
				D4E472F21CB7483200B55FAC /* DataSourceTableViewTest */,
			);
		};
/* End PBXProject section */

/* Begin PBXResourcesBuildPhase section */
		D4E472F11CB7483200B55FAC /* Resources */ = {
			isa = PBXResourcesBuildPhase;
			buildActionMask = 2147483647;
			files = (
				D4E473061CB7483200B55FAC /* LaunchScreen.storyboard in Resources */,
				D4E473031CB7483200B55FAC /* Assets.xcassets in Resources */,
				D4E473011CB7483200B55FAC /* Main.storyboard in Resources */,
			);
			runOnlyForDeploymentPostprocessing = 0;
		};
/* End PBXResourcesBuildPhase section */

/* Begin PBXSourcesBuildPhase section */
		D4E472EF1CB7483200B55FAC /* Sources */ = {
			isa = PBXSourcesBuildPhase;
			buildActionMask = 2147483647;
			files = (
				D4E472FE1CB7483200B55FAC /* ViewController.m in Sources */,
				D4E472FB1CB7483200B55FAC /* AppDelegate.m in Sources */,
				D4BAA5BE1CB7519600761836 /* ArrayDataSource.m in Sources */,
				D4E472F81CB7483200B55FAC /* main.m in Sources */,
				D4BAA5C11CB7562300761836 /* LGJTableViewCell.m in Sources */,
			);
			runOnlyForDeploymentPostprocessing = 0;
		};
/* End PBXSourcesBuildPhase section */

/* Begin PBXVariantGroup section */
		D4E472FF1CB7483200B55FAC /* Main.storyboard */ = {
			isa = PBXVariantGroup;
			children = (
				D4E473001CB7483200B55FAC /* Base */,
			);
			name = Main.storyboard;
			sourceTree = "<group>";
		};
		D4E473041CB7483200B55FAC /* LaunchScreen.storyboard */ = {
			isa = PBXVariantGroup;
			children = (
				D4E473051CB7483200B55FAC /* Base */,
			);
			name = LaunchScreen.storyboard;
			sourceTree = "<group>";
		};
/* End PBXVariantGroup section */

/* Begin XCBuildConfiguration section */
		D4E473081CB7483200B55FAC /* Debug */ = {
			isa = XCBuildConfiguration;
			buildSettings = {
				ALWAYS_SEARCH_USER_PATHS = NO;
				CLANG_ANALYZER_NONNULL = YES;
				CLANG_CXX_LANGUAGE_STANDARD = "gnu++0x";
				CLANG_CXX_LIBRARY = "libc++";
				CLANG_ENABLE_MODULES = YES;
				CLANG_ENABLE_OBJC_ARC = YES;
				CLANG_WARN_BOOL_CONVERSION = YES;
				CLANG_WARN_CONSTANT_CONVERSION = YES;
				CLANG_WARN_DIRECT_OBJC_ISA_USAGE = YES_ERROR;
				CLANG_WARN_EMPTY_BODY = YES;
				CLANG_WARN_ENUM_CONVERSION = YES;
				CLANG_WARN_INT_CONVERSION = YES;
				CLANG_WARN_OBJC_ROOT_CLASS = YES_ERROR;
				CLANG_WARN_UNREACHABLE_CODE = YES;
				CLANG_WARN__DUPLICATE_METHOD_MATCH = YES;
				"CODE_SIGN_IDENTITY[sdk=iphoneos*]" = "iPhone Developer";
				COPY_PHASE_STRIP = NO;
				DEBUG_INFORMATION_FORMAT = dwarf;
				ENABLE_STRICT_OBJC_MSGSEND = YES;
				ENABLE_TESTABILITY = YES;
				GCC_C_LANGUAGE_STANDARD = gnu99;
				GCC_DYNAMIC_NO_PIC = NO;
				GCC_NO_COMMON_BLOCKS = YES;
				GCC_OPTIMIZATION_LEVEL = 0;
				GCC_PREPROCESSOR_DEFINITIONS = (
					"DEBUG=1",
					"$(inherited)",
				);
				GCC_WARN_64_TO_32_BIT_CONVERSION = YES;
				GCC_WARN_ABOUT_RETURN_TYPE = YES_ERROR;
				GCC_WARN_UNDECLARED_SELECTOR = YES;
				GCC_WARN_UNINITIALIZED_AUTOS = YES_AGGRESSIVE;
				GCC_WARN_UNUSED_FUNCTION = YES;
				GCC_WARN_UNUSED_VARIABLE = YES;
				IPHONEOS_DEPLOYMENT_TARGET = 9.3;
				MTL_ENABLE_DEBUG_INFO = YES;
				ONLY_ACTIVE_ARCH = YES;
				SDKROOT = iphoneos;
			};
			name = Debug;
		};
		D4E473091CB7483200B55FAC /* Release */ = {
			isa = XCBuildConfiguration;
			buildSettings = {
				ALWAYS_SEARCH_USER_PATHS = NO;
				CLANG_ANALYZER_NONNULL = YES;
				CLANG_CXX_LANGUAGE_STANDARD = "gnu++0x";
				CLANG_CXX_LIBRARY = "libc++";
				CLANG_ENABLE_MODULES = YES;
				CLANG_ENABLE_OBJC_ARC = YES;
				CLANG_WARN_BOOL_CONVERSION = YES;
				CLANG_WARN_CONSTANT_CONVERSION = YES;
				CLANG_WARN_DIRECT_OBJC_ISA_USAGE = YES_ERROR;
				CLANG_WARN_EMPTY_BODY = YES;
				CLANG_WARN_ENUM_CONVERSION = YES;
				CLANG_WARN_INT_CONVERSION = YES;
				CLANG_WARN_OBJC_ROOT_CLASS = YES_ERROR;
				CLANG_WARN_UNREACHABLE_CODE = YES;
				CLANG_WARN__DUPLICATE_METHOD_MATCH = YES;
				"CODE_SIGN_IDENTITY[sdk=iphoneos*]" = "iPhone Developer";
				COPY_PHASE_STRIP = NO;
				DEBUG_INFORMATION_FORMAT = "dwarf-with-dsym";
				ENABLE_NS_ASSERTIONS = NO;
				ENABLE_STRICT_OBJC_MSGSEND = YES;
				GCC_C_LANGUAGE_STANDARD = gnu99;
				GCC_NO_COMMON_BLOCKS = YES;
				GCC_WARN_64_TO_32_BIT_CONVERSION = YES;
				GCC_WARN_ABOUT_RETURN_TYPE = YES_ERROR;
				GCC_WARN_UNDECLARED_SELECTOR = YES;
				GCC_WARN_UNINITIALIZED_AUTOS = YES_AGGRESSIVE;
				GCC_WARN_UNUSED_FUNCTION = YES;
				GCC_WARN_UNUSED_VARIABLE = YES;
				IPHONEOS_DEPLOYMENT_TARGET = 9.3;
				MTL_ENABLE_DEBUG_INFO = NO;
				SDKROOT = iphoneos;
				VALIDATE_PRODUCT = YES;
			};
			name = Release;
		};
		D4E4730B1CB7483200B55FAC /* Debug */ = {
			isa = XCBuildConfiguration;
			buildSettings = {
				ASSETCATALOG_COMPILER_APPICON_NAME = AppIcon;
				INFOPLIST_FILE = DataSourceTableViewTest/Info.plist;
				LD_RUNPATH_SEARCH_PATHS = "$(inherited) @executable_path/Frameworks";
				PRODUCT_BUNDLE_IDENTIFIER = AceLiu.DataSourceTableViewTest;
				PRODUCT_NAME = "$(TARGET_NAME)";
			};
			name = Debug;
		};
		D4E4730C1CB7483200B55FAC /* Release */ = {
			isa = XCBuildConfiguration;
			buildSettings = {
				ASSETCATALOG_COMPILER_APPICON_NAME = AppIcon;
				INFOPLIST_FILE = DataSourceTableViewTest/Info.plist;
				LD_RUNPATH_SEARCH_PATHS = "$(inherited) @executable_path/Frameworks";
				PRODUCT_BUNDLE_IDENTIFIER = AceLiu.DataSourceTableViewTest;
				PRODUCT_NAME = "$(TARGET_NAME)";
			};
			name = Release;
		};
/* End XCBuildConfiguration section */

/* Begin XCConfigurationList section */
		D4E472EE1CB7483200B55FAC /* Build configuration list for PBXProject "DataSourceTableViewTest" */ = {
			isa = XCConfigurationList;
			buildConfigurations = (
				D4E473081CB7483200B55FAC /* Debug */,
				D4E473091CB7483200B55FAC /* Release */,
			);
			defaultConfigurationIsVisible = 0;
			defaultConfigurationName = Release;
		};
		D4E4730A1CB7483200B55FAC /* Build configuration list for PBXNativeTarget "DataSourceTableViewTest" */ = {
			isa = XCConfigurationList;
			buildConfigurations = (
				D4E4730B1CB7483200B55FAC /* Debug */,
				D4E4730C1CB7483200B55FAC /* Release */,
			);
			defaultConfigurationIsVisible = 0;
			defaultConfigurationName = Release;
		};
/* End XCConfigurationList section */
	};
	rootObject = D4E472EB1CB7483200B55FAC /* Project object */;
}
